
Microsoft Visual Studio Solution File, Format Version 12.00
# Visual Studio Version 16
VisualStudioVersion = 16.0.33328.57
MinimumVisualStudioVersion = 10.0.40219.1
Project("{FAE04EC0-301F-11D3-BF4B-00C04F79EFBC}") = "CodePulseAPI", "CodePulseAPI.csproj", "{625BD22D-293F-4091-A40D-5F59A074B51B}"
EndProject
Global
	GlobalSection(SolutionConfigurationPlatforms) = preSolution
		Debug|Any CPU = Debug|Any CPU
		Release|Any CPU = Release|Any CPU
	EndGlobalSection
	GlobalSection(ProjectConfigurationPlatforms) = postSolution
		{625BD22D-293F-4091-A40D-5F59A074B51B}.Debug|Any CPU.ActiveCfg = Debug|Any CPU
		{625BD22D-293F-4091-A40D-5F59A074B51B}.Debug|Any CPU.Build.0 = Debug|Any CPU
		{625BD22D-293F-4091-A40D-5F59A074B51B}.Release|Any CPU.ActiveCfg = Release|Any CPU
		{625BD22D-293F-4091-A40D-5F59A074B51B}.Release|Any CPU.Build.0 = Release|Any CPU
	EndGlobalSection
	GlobalSection(SolutionProperties) = preSolution
		HideSolutionNode = FALSE
	EndGlobalSection
	GlobalSection(ExtensibilityGlobals) = postSolution
		SolutionGuid = {71AB6C47-66B7-441A-891F-12FB8D687C52}
	EndGlobalSection
EndGlobal
